// !$*UTF8*$!
{
	archiveVersion = 1;
	classes = {
	};
	objectVersion = 46;
	objects = {

/* Begin PBXBuildFile section */
		04374A2C1D8D55A3009C44C0 /* AppDelegate.swift in Sources */ = {isa = PBXBuildFile; fileRef = 04374A2B1D8D55A3009C44C0 /* AppDelegate.swift */; };
		04374A311D8D55A3009C44C0 /* Main.storyboard in Resources */ = {isa = PBXBuildFile; fileRef = 04374A2F1D8D55A3009C44C0 /* Main.storyboard */; };
		04374A331D8D55A3009C44C0 /* Assets.xcassets in Resources */ = {isa = PBXBuildFile; fileRef = 04374A321D8D55A3009C44C0 /* Assets.xcassets */; };
		04374A361D8D55A3009C44C0 /* LaunchScreen.storyboard in Resources */ = {isa = PBXBuildFile; fileRef = 04374A341D8D55A3009C44C0 /* LaunchScreen.storyboard */; };
		04374A411D8D55A3009C44C0 /* bltTests.swift in Sources */ = {isa = PBXBuildFile; fileRef = 04374A401D8D55A3009C44C0 /* bltTests.swift */; };
		04374A4C1D8D55A4009C44C0 /* bltUITests.swift in Sources */ = {isa = PBXBuildFile; fileRef = 04374A4B1D8D55A4009C44C0 /* bltUITests.swift */; };
		04374A5F1D915604009C44C0 /* MyViewController.swift in Sources */ = {isa = PBXBuildFile; fileRef = 04374A5E1D915604009C44C0 /* MyViewController.swift */; };
		04374A611D916E84009C44C0 /* TwoViewController.swift in Sources */ = {isa = PBXBuildFile; fileRef = 04374A601D916E84009C44C0 /* TwoViewController.swift */; };
		048D29D11D921D85000097BB /* thumb_DSCF7950_1024.jpg in Resources */ = {isa = PBXBuildFile; fileRef = 048D29D01D921D85000097BB /* thumb_DSCF7950_1024.jpg */; };
		048D29D31D921D90000097BB /* thumb_DSCF7965_1024.jpg in Resources */ = {isa = PBXBuildFile; fileRef = 048D29D21D921D90000097BB /* thumb_DSCF7965_1024.jpg */; };
		048D29D61D921E08000097BB /* icon_message@2x.png in Resources */ = {isa = PBXBuildFile; fileRef = 048D29D41D921E08000097BB /* icon_message@2x.png */; };
		048D29D71D921E08000097BB /* icon_message@3x.png in Resources */ = {isa = PBXBuildFile; fileRef = 048D29D51D921E08000097BB /* icon_message@3x.png */; };
		048D29DD1D9226BC000097BB /* schedul@2x.png in Resources */ = {isa = PBXBuildFile; fileRef = 048D29DC1D9226BC000097BB /* schedul@2x.png */; };
		048D29DF1D92270C000097BB /* schedul@3x.png in Resources */ = {isa = PBXBuildFile; fileRef = 048D29DE1D92270C000097BB /* schedul@3x.png */; };
/* End PBXBuildFile section */

/* Begin PBXContainerItemProxy section */
		04374A3D1D8D55A3009C44C0 /* PBXContainerItemProxy */ = {
			isa = PBXContainerItemProxy;
			containerPortal = 04374A201D8D55A3009C44C0 /* Project object */;
			proxyType = 1;
			remoteGlobalIDString = 04374A271D8D55A3009C44C0;
			remoteInfo = blt;
		};
		04374A481D8D55A4009C44C0 /* PBXContainerItemProxy */ = {
			isa = PBXContainerItemProxy;
			containerPortal = 04374A201D8D55A3009C44C0 /* Project object */;
			proxyType = 1;
			remoteGlobalIDString = 04374A271D8D55A3009C44C0;
			remoteInfo = blt;
		};
/* End PBXContainerItemProxy section */

/* Begin PBXFileReference section */
		04374A281D8D55A3009C44C0 /* blt.app */ = {isa = PBXFileReference; explicitFileType = wrapper.application; includeInIndex = 0; path = blt.app; sourceTree = BUILT_PRODUCTS_DIR; };
		04374A2B1D8D55A3009C44C0 /* AppDelegate.swift */ = {isa = PBXFileReference; lastKnownFileType = sourcecode.swift; path = AppDelegate.swift; sourceTree = "<group>"; };
		04374A301D8D55A3009C44C0 /* Base */ = {isa = PBXFileReference; lastKnownFileType = file.storyboard; name = Base; path = Base.lproj/Main.storyboard; sourceTree = "<group>"; };
		04374A321D8D55A3009C44C0 /* Assets.xcassets */ = {isa = PBXFileReference; lastKnownFileType = folder.assetcatalog; path = Assets.xcassets; sourceTree = "<group>"; };
		04374A351D8D55A3009C44C0 /* Base */ = {isa = PBXFileReference; lastKnownFileType = file.storyboard; name = Base; path = Base.lproj/LaunchScreen.storyboard; sourceTree = "<group>"; };
		04374A371D8D55A3009C44C0 /* Info.plist */ = {isa = PBXFileReference; lastKnownFileType = text.plist.xml; path = Info.plist; sourceTree = "<group>"; };
		04374A3C1D8D55A3009C44C0 /* bltTests.xctest */ = {isa = PBXFileReference; explicitFileType = wrapper.cfbundle; includeInIndex = 0; path = bltTests.xctest; sourceTree = BUILT_PRODUCTS_DIR; };
		04374A401D8D55A3009C44C0 /* bltTests.swift */ = {isa = PBXFileReference; lastKnownFileType = sourcecode.swift; path = bltTests.swift; sourceTree = "<group>"; };
		04374A421D8D55A3009C44C0 /* Info.plist */ = {isa = PBXFileReference; lastKnownFileType = text.plist.xml; path = Info.plist; sourceTree = "<group>"; };
		04374A471D8D55A4009C44C0 /* bltUITests.xctest */ = {isa = PBXFileReference; explicitFileType = wrapper.cfbundle; includeInIndex = 0; path = bltUITests.xctest; sourceTree = BUILT_PRODUCTS_DIR; };
		04374A4B1D8D55A4009C44C0 /* bltUITests.swift */ = {isa = PBXFileReference; lastKnownFileType = sourcecode.swift; path = bltUITests.swift; sourceTree = "<group>"; };
		04374A4D1D8D55A4009C44C0 /* Info.plist */ = {isa = PBXFileReference; lastKnownFileType = text.plist.xml; path = Info.plist; sourceTree = "<group>"; };
		04374A5E1D915604009C44C0 /* MyViewController.swift */ = {isa = PBXFileReference; fileEncoding = 4; lastKnownFileType = sourcecode.swift; path = MyViewController.swift; sourceTree = "<group>"; };
		04374A601D916E84009C44C0 /* TwoViewController.swift */ = {isa = PBXFileReference; fileEncoding = 4; lastKnownFileType = sourcecode.swift; path = TwoViewController.swift; sourceTree = "<group>"; };
		048D29D01D921D85000097BB /* thumb_DSCF7950_1024.jpg */ = {isa = PBXFileReference; lastKnownFileType = image.jpeg; path = thumb_DSCF7950_1024.jpg; sourceTree = "<group>"; };
		048D29D21D921D90000097BB /* thumb_DSCF7965_1024.jpg */ = {isa = PBXFileReference; lastKnownFileType = image.jpeg; path = thumb_DSCF7965_1024.jpg; sourceTree = "<group>"; };
		048D29D41D921E08000097BB /* icon_message@2x.png */ = {isa = PBXFileReference; lastKnownFileType = image.png; path = "icon_message@2x.png"; sourceTree = "<group>"; };
		048D29D51D921E08000097BB /* icon_message@3x.png */ = {isa = PBXFileReference; lastKnownFileType = image.png; path = "icon_message@3x.png"; sourceTree = "<group>"; };
		048D29DC1D9226BC000097BB /* schedul@2x.png */ = {isa = PBXFileReference; lastKnownFileType = image.png; path = "schedul@2x.png"; sourceTree = "<group>"; };
		048D29DE1D92270C000097BB /* schedul@3x.png */ = {isa = PBXFileReference; lastKnownFileType = image.png; path = "schedul@3x.png"; sourceTree = "<group>"; };
/* End PBXFileReference section */

/* Begin PBXFrameworksBuildPhase section */
		04374A251D8D55A3009C44C0 /* Frameworks */ = {
			isa = PBXFrameworksBuildPhase;
			buildActionMask = 2147483647;
			files = (
			);
			runOnlyForDeploymentPostprocessing = 0;
		};
		04374A391D8D55A3009C44C0 /* Frameworks */ = {
			isa = PBXFrameworksBuildPhase;
			buildActionMask = 2147483647;
			files = (
			);
			runOnlyForDeploymentPostprocessing = 0;
		};
		04374A441D8D55A4009C44C0 /* Frameworks */ = {
			isa = PBXFrameworksBuildPhase;
			buildActionMask = 2147483647;
			files = (
			);
			runOnlyForDeploymentPostprocessing = 0;
		};
/* End PBXFrameworksBuildPhase section */

/* Begin PBXGroup section */
		04374A1F1D8D55A3009C44C0 = {
			isa = PBXGroup;
			children = (
				04374A2A1D8D55A3009C44C0 /* blt */,
				04374A3F1D8D55A3009C44C0 /* bltTests */,
				04374A4A1D8D55A4009C44C0 /* bltUITests */,
				04374A291D8D55A3009C44C0 /* Products */,
			);
			sourceTree = "<group>";
		};
		04374A291D8D55A3009C44C0 /* Products */ = {
			isa = PBXGroup;
			children = (
				04374A281D8D55A3009C44C0 /* blt.app */,
				04374A3C1D8D55A3009C44C0 /* bltTests.xctest */,
				04374A471D8D55A4009C44C0 /* bltUITests.xctest */,
			);
			name = Products;
			sourceTree = "<group>";
		};
		04374A2A1D8D55A3009C44C0 /* blt */ = {
			isa = PBXGroup;
			children = (
				04AA2D4B1D9278F1005E5680 /* viewModel */,
				04AA2D4A1D9278E2005E5680 /* model */,
				04AA2D491D9278DB005E5680 /* view */,
				04374A2B1D8D55A3009C44C0 /* AppDelegate.swift */,
				04374A2F1D8D55A3009C44C0 /* Main.storyboard */,
				04374A5E1D915604009C44C0 /* MyViewController.swift */,
				04374A601D916E84009C44C0 /* TwoViewController.swift */,
				048D29CF1D921CC8000097BB /* resources */,
				04374A321D8D55A3009C44C0 /* Assets.xcassets */,
				04374A341D8D55A3009C44C0 /* LaunchScreen.storyboard */,
				04374A371D8D55A3009C44C0 /* Info.plist */,
			);
			path = blt;
			sourceTree = "<group>";
		};
		04374A3F1D8D55A3009C44C0 /* bltTests */ = {
			isa = PBXGroup;
			children = (
				04374A401D8D55A3009C44C0 /* bltTests.swift */,
				04374A421D8D55A3009C44C0 /* Info.plist */,
			);
			path = bltTests;
			sourceTree = "<group>";
		};
		04374A4A1D8D55A4009C44C0 /* bltUITests */ = {
			isa = PBXGroup;
			children = (
				04374A4B1D8D55A4009C44C0 /* bltUITests.swift */,
				04374A4D1D8D55A4009C44C0 /* Info.plist */,
			);
			path = bltUITests;
			sourceTree = "<group>";
		};
		048D29CF1D921CC8000097BB /* resources */ = {
			isa = PBXGroup;
			children = (
				048D29D01D921D85000097BB /* thumb_DSCF7950_1024.jpg */,
				048D29D21D921D90000097BB /* thumb_DSCF7965_1024.jpg */,
				048D29D41D921E08000097BB /* icon_message@2x.png */,
				048D29D51D921E08000097BB /* icon_message@3x.png */,
				048D29DC1D9226BC000097BB /* schedul@2x.png */,
				048D29DE1D92270C000097BB /* schedul@3x.png */,
			);
			name = resources;
			path = ..;
			sourceTree = "<group>";
		};
		04AA2D491D9278DB005E5680 /* view */ = {
			isa = PBXGroup;
			children = (
			);
			name = view;
			sourceTree = "<group>";
		};
		04AA2D4A1D9278E2005E5680 /* model */ = {
			isa = PBXGroup;
			children = (
			);
			name = model;
			sourceTree = "<group>";
		};
		04AA2D4B1D9278F1005E5680 /* viewModel */ = {
			isa = PBXGroup;
			children = (
			);
			name = viewModel;
			sourceTree = "<group>";
		};
/* End PBXGroup section */

/* Begin PBXNativeTarget section */
		04374A271D8D55A3009C44C0 /* blt */ = {
			isa = PBXNativeTarget;
			buildConfigurationList = 04374A501D8D55A4009C44C0 /* Build configuration list for PBXNativeTarget "blt" */;
			buildPhases = (
				04374A241D8D55A3009C44C0 /* Sources */,
				04374A251D8D55A3009C44C0 /* Frameworks */,
				04374A261D8D55A3009C44C0 /* Resources */,
			);
			buildRules = (
			);
			dependencies = (
			);
			name = blt;
			productName = blt;
			productReference = 04374A281D8D55A3009C44C0 /* blt.app */;
			productType = "com.apple.product-type.application";
		};
		04374A3B1D8D55A3009C44C0 /* bltTests */ = {
			isa = PBXNativeTarget;
			buildConfigurationList = 04374A531D8D55A4009C44C0 /* Build configuration list for PBXNativeTarget "bltTests" */;
			buildPhases = (
				04374A381D8D55A3009C44C0 /* Sources */,
				04374A391D8D55A3009C44C0 /* Frameworks */,
				04374A3A1D8D55A3009C44C0 /* Resources */,
			);
			buildRules = (
			);
			dependencies = (
				04374A3E1D8D55A3009C44C0 /* PBXTargetDependency */,
			);
			name = bltTests;
			productName = bltTests;
			productReference = 04374A3C1D8D55A3009C44C0 /* bltTests.xctest */;
			productType = "com.apple.product-type.bundle.unit-test";
		};
		04374A461D8D55A4009C44C0 /* bltUITests */ = {
			isa = PBXNativeTarget;
			buildConfigurationList = 04374A561D8D55A4009C44C0 /* Build configuration list for PBXNativeTarget "bltUITests" */;
			buildPhases = (
				04374A431D8D55A4009C44C0 /* Sources */,
				04374A441D8D55A4009C44C0 /* Frameworks */,
				04374A451D8D55A4009C44C0 /* Resources */,
			);
			buildRules = (
			);
			dependencies = (
				04374A491D8D55A4009C44C0 /* PBXTargetDependency */,
			);
			name = bltUITests;
			productName = bltUITests;
			productReference = 04374A471D8D55A4009C44C0 /* bltUITests.xctest */;
			productType = "com.apple.product-type.bundle.ui-testing";
		};
/* End PBXNativeTarget section */

/* Begin PBXProject section */
		04374A201D8D55A3009C44C0 /* Project object */ = {
			isa = PBXProject;
			attributes = {
				LastSwiftUpdateCheck = 0800;
				LastUpgradeCheck = 0800;
				ORGANIZATIONNAME = Mac;
				TargetAttributes = {
					04374A271D8D55A3009C44C0 = {
						CreatedOnToolsVersion = 8.0;
						DevelopmentTeam = 3T37H5E99A;
						ProvisioningStyle = Automatic;
					};
					04374A3B1D8D55A3009C44C0 = {
						CreatedOnToolsVersion = 8.0;
						DevelopmentTeam = 3T37H5E99A;
						ProvisioningStyle = Automatic;
						TestTargetID = 04374A271D8D55A3009C44C0;
					};
					04374A461D8D55A4009C44C0 = {
						CreatedOnToolsVersion = 8.0;
						DevelopmentTeam = 3T37H5E99A;
						ProvisioningStyle = Automatic;
						TestTargetID = 04374A271D8D55A3009C44C0;
					};
				};
			};
			buildConfigurationList = 04374A231D8D55A3009C44C0 /* Build configuration list for PBXProject "blt" */;
			compatibilityVersion = "Xcode 3.2";
			developmentRegion = English;
			hasScannedForEncodings = 0;
			knownRegions = (
				en,
				Base,
			);
			mainGroup = 04374A1F1D8D55A3009C44C0;
			productRefGroup = 04374A291D8D55A3009C44C0 /* Products */;
			projectDirPath = "";
			projectRoot = "";
			targets = (
				04374A271D8D55A3009C44C0 /* blt */,
				04374A3B1D8D55A3009C44C0 /* bltTests */,
				04374A461D8D55A4009C44C0 /* bltUITests */,
			);
		};
/* End PBXProject section */

/* Begin PBXResourcesBuildPhase section */
		04374A261D8D55A3009C44C0 /* Resources */ = {
			isa = PBXResourcesBuildPhase;
			buildActionMask = 2147483647;
			files = (
				048D29D31D921D90000097BB /* thumb_DSCF7965_1024.jpg in Resources */,
				048D29D61D921E08000097BB /* icon_message@2x.png in Resources */,
				048D29D11D921D85000097BB /* thumb_DSCF7950_1024.jpg in Resources */,
				048D29D71D921E08000097BB /* icon_message@3x.png in Resources */,
				04374A361D8D55A3009C44C0 /* LaunchScreen.storyboard in Resources */,
				04374A331D8D55A3009C44C0 /* Assets.xcassets in Resources */,
				048D29DF1D92270C000097BB /* schedul@3x.png in Resources */,
				048D29DD1D9226BC000097BB /* schedul@2x.png in Resources */,
				04374A311D8D55A3009C44C0 /* Main.storyboard in Resources */,
			);
			runOnlyForDeploymentPostprocessing = 0;
		};
		04374A3A1D8D55A3009C44C0 /* Resources */ = {
			isa = PBXResourcesBuildPhase;
			buildActionMask = 2147483647;
			files = (
			);
			runOnlyForDeploymentPostprocessing = 0;
		};
		04374A451D8D55A4009C44C0 /* Resources */ = {
			isa = PBXResourcesBuildPhase;
			buildActionMask = 2147483647;
			files = (
			);
			runOnlyForDeploymentPostprocessing = 0;
		};
/* End PBXResourcesBuildPhase section */

/* Begin PBXSourcesBuildPhase section */
		04374A241D8D55A3009C44C0 /* Sources */ = {
			isa = PBXSourcesBuildPhase;
			buildActionMask = 2147483647;
			files = (
				04374A5F1D915604009C44C0 /* MyViewController.swift in Sources */,
				04374A611D916E84009C44C0 /* TwoViewController.swift in Sources */,
				04374A2C1D8D55A3009C44C0 /* AppDelegate.swift in Sources */,
			);
			runOnlyForDeploymentPostprocessing = 0;
		};
		04374A381D8D55A3009C44C0 /* Sources */ = {
			isa = PBXSourcesBuildPhase;
			buildActionMask = 2147483647;
			files = (
				04374A411D8D55A3009C44C0 /* bltTests.swift in Sources */,
			);
			runOnlyForDeploymentPostprocessing = 0;
		};
		04374A431D8D55A4009C44C0 /* Sources */ = {
			isa = PBXSourcesBuildPhase;
			buildActionMask = 2147483647;
			files = (
				04374A4C1D8D55A4009C44C0 /* bltUITests.swift in Sources */,
			);
			runOnlyForDeploymentPostprocessing = 0;
		};
/* End PBXSourcesBuildPhase section */

/* Begin PBXTargetDependency section */
		04374A3E1D8D55A3009C44C0 /* PBXTargetDependency */ = {
			isa = PBXTargetDependency;
			target = 04374A271D8D55A3009C44C0 /* blt */;
			targetProxy = 04374A3D1D8D55A3009C44C0 /* PBXContainerItemProxy */;
		};
		04374A491D8D55A4009C44C0 /* PBXTargetDependency */ = {
			isa = PBXTargetDependency;
			target = 04374A271D8D55A3009C44C0 /* blt */;
			targetProxy = 04374A481D8D55A4009C44C0 /* PBXContainerItemProxy */;
		};
/* End PBXTargetDependency section */

/* Begin PBXVariantGroup section */
		04374A2F1D8D55A3009C44C0 /* Main.storyboard */ = {
			isa = PBXVariantGroup;
			children = (
				04374A301D8D55A3009C44C0 /* Base */,
			);
			name = Main.storyboard;
			sourceTree = "<group>";
		};
		04374A341D8D55A3009C44C0 /* LaunchScreen.storyboard */ = {
			isa = PBXVariantGroup;
			children = (
				04374A351D8D55A3009C44C0 /* Base */,
			);
			name = LaunchScreen.storyboard;
			sourceTree = "<group>";
		};
/* End PBXVariantGroup section */

/* Begin XCBuildConfiguration section */
		04374A4E1D8D55A4009C44C0 /* Debug */ = {
			isa = XCBuildConfiguration;
			buildSettings = {
				ALWAYS_SEARCH_USER_PATHS = NO;
				CLANG_ANALYZER_NONNULL = YES;
				CLANG_CXX_LANGUAGE_STANDARD = "gnu++0x";
				CLANG_CXX_LIBRARY = "libc++";
				CLANG_ENABLE_MODULES = YES;
				CLANG_ENABLE_OBJC_ARC = YES;
				CLANG_WARN_BOOL_CONVERSION = YES;
				CLANG_WARN_CONSTANT_CONVERSION = YES;
				CLANG_WARN_DIRECT_OBJC_ISA_USAGE = YES_ERROR;
				CLANG_WARN_DOCUMENTATION_COMMENTS = YES;
				CLANG_WARN_EMPTY_BODY = YES;
				CLANG_WARN_ENUM_CONVERSION = YES;
				CLANG_WARN_INFINITE_RECURSION = YES;
				CLANG_WARN_INT_CONVERSION = YES;
				CLANG_WARN_OBJC_ROOT_CLASS = YES_ERROR;
				CLANG_WARN_SUSPICIOUS_MOVES = YES;
				CLANG_WARN_UNREACHABLE_CODE = YES;
				CLANG_WARN__DUPLICATE_METHOD_MATCH = YES;
				"CODE_SIGN_IDENTITY[sdk=iphoneos*]" = "iPhone Developer";
				COPY_PHASE_STRIP = NO;
				DEBUG_INFORMATION_FORMAT = dwarf;
				ENABLE_STRICT_OBJC_MSGSEND = YES;
				ENABLE_TESTABILITY = YES;
				GCC_C_LANGUAGE_STANDARD = gnu99;
				GCC_DYNAMIC_NO_PIC = NO;
				GCC_NO_COMMON_BLOCKS = YES;
				GCC_OPTIMIZATION_LEVEL = 0;
				GCC_PREPROCESSOR_DEFINITIONS = (
					"DEBUG=1",
					"$(inherited)",
				);
				GCC_WARN_64_TO_32_BIT_CONVERSION = YES;
				GCC_WARN_ABOUT_RETURN_TYPE = YES_ERROR;
				GCC_WARN_UNDECLARED_SELECTOR = YES;
				GCC_WARN_UNINITIALIZED_AUTOS = YES_AGGRESSIVE;
				GCC_WARN_UNUSED_FUNCTION = YES;
				GCC_WARN_UNUSED_VARIABLE = YES;
				IPHONEOS_DEPLOYMENT_TARGET = 10.0;
				MTL_ENABLE_DEBUG_INFO = YES;
				ONLY_ACTIVE_ARCH = YES;
				SDKROOT = iphoneos;
				SWIFT_ACTIVE_COMPILATION_CONDITIONS = DEBUG;
				SWIFT_OPTIMIZATION_LEVEL = "-Onone";
			};
			name = Debug;
		};
		04374A4F1D8D55A4009C44C0 /* Release */ = {
			isa = XCBuildConfiguration;
			buildSettings = {
				ALWAYS_SEARCH_USER_PATHS = NO;
				CLANG_ANALYZER_NONNULL = YES;
				CLANG_CXX_LANGUAGE_STANDARD = "gnu++0x";
				CLANG_CXX_LIBRARY = "libc++";
				CLANG_ENABLE_MODULES = YES;
				CLANG_ENABLE_OBJC_ARC = YES;
				CLANG_WARN_BOOL_CONVERSION = YES;
				CLANG_WARN_CONSTANT_CONVERSION = YES;
				CLANG_WARN_DIRECT_OBJC_ISA_USAGE = YES_ERROR;
				CLANG_WARN_DOCUMENTATION_COMMENTS = YES;
				CLANG_WARN_EMPTY_BODY = YES;
				CLANG_WARN_ENUM_CONVERSION = YES;
				CLANG_WARN_INFINITE_RECURSION = YES;
				CLANG_WARN_INT_CONVERSION = YES;
				CLANG_WARN_OBJC_ROOT_CLASS = YES_ERROR;
				CLANG_WARN_SUSPICIOUS_MOVES = YES;
				CLANG_WARN_UNREACHABLE_CODE = YES;
				CLANG_WARN__DUPLICATE_METHOD_MATCH = YES;
				"CODE_SIGN_IDENTITY[sdk=iphoneos*]" = "iPhone Developer";
				COPY_PHASE_STRIP = NO;
				DEBUG_INFORMATION_FORMAT = "dwarf-with-dsym";
				ENABLE_NS_ASSERTIONS = NO;
				ENABLE_STRICT_OBJC_MSGSEND = YES;
				GCC_C_LANGUAGE_STANDARD = gnu99;
				GCC_NO_COMMON_BLOCKS = YES;
				GCC_WARN_64_TO_32_BIT_CONVERSION = YES;
				GCC_WARN_ABOUT_RETURN_TYPE = YES_ERROR;
				GCC_WARN_UNDECLARED_SELECTOR = YES;
				GCC_WARN_UNINITIALIZED_AUTOS = YES_AGGRESSIVE;
				GCC_WARN_UNUSED_FUNCTION = YES;
				GCC_WARN_UNUSED_VARIABLE = YES;
				IPHONEOS_DEPLOYMENT_TARGET = 10.0;
				MTL_ENABLE_DEBUG_INFO = NO;
				SDKROOT = iphoneos;
				SWIFT_OPTIMIZATION_LEVEL = "-Owholemodule";
				VALIDATE_PRODUCT = YES;
			};
			name = Release;
		};
		04374A511D8D55A4009C44C0 /* Debug */ = {
			isa = XCBuildConfiguration;
			buildSettings = {
				ASSETCATALOG_COMPILER_APPICON_NAME = AppIcon;
				DEVELOPMENT_TEAM = 3T37H5E99A;
				INFOPLIST_FILE = blt/Info.plist;
				LD_RUNPATH_SEARCH_PATHS = "$(inherited) @executable_path/Frameworks";
				PRODUCT_BUNDLE_IDENTIFIER = Evan.blt;
				PRODUCT_NAME = "$(TARGET_NAME)";
				SWIFT_VERSION = 3.0;
			};
			name = Debug;
		};
		04374A521D8D55A4009C44C0 /* Release */ = {
			isa = XCBuildConfiguration;
			buildSettings = {
				ASSETCATALOG_COMPILER_APPICON_NAME = AppIcon;
				DEVELOPMENT_TEAM = 3T37H5E99A;
				INFOPLIST_FILE = blt/Info.plist;
				LD_RUNPATH_SEARCH_PATHS = "$(inherited) @executable_path/Frameworks";
				PRODUCT_BUNDLE_IDENTIFIER = Evan.blt;
				PRODUCT_NAME = "$(TARGET_NAME)";
				SWIFT_VERSION = 3.0;
			};
			name = Release;
		};
		04374A541D8D55A4009C44C0 /* Debug */ = {
			isa = XCBuildConfiguration;
			buildSettings = {
				ALWAYS_EMBED_SWIFT_STANDARD_LIBRARIES = YES;
				BUNDLE_LOADER = "$(TEST_HOST)";
				DEVELOPMENT_TEAM = 3T37H5E99A;
				INFOPLIST_FILE = bltTests/Info.plist;
				LD_RUNPATH_SEARCH_PATHS = "$(inherited) @executable_path/Frameworks @loader_path/Frameworks";
				PRODUCT_BUNDLE_IDENTIFIER = Evan.bltTests;
				PRODUCT_NAME = "$(TARGET_NAME)";
				SWIFT_VERSION = 3.0;
				TEST_HOST = "$(BUILT_PRODUCTS_DIR)/blt.app/blt";
			};
			name = Debug;
		};
		04374A551D8D55A4009C44C0 /* Release */ = {
			isa = XCBuildConfiguration;
			buildSettings = {
				ALWAYS_EMBED_SWIFT_STANDARD_LIBRARIES = YES;
				BUNDLE_LOADER = "$(TEST_HOST)";
				DEVELOPMENT_TEAM = 3T37H5E99A;
				INFOPLIST_FILE = bltTests/Info.plist;
				LD_RUNPATH_SEARCH_PATHS = "$(inherited) @executable_path/Frameworks @loader_path/Frameworks";
				PRODUCT_BUNDLE_IDENTIFIER = Evan.bltTests;
				PRODUCT_NAME = "$(TARGET_NAME)";
				SWIFT_VERSION = 3.0;
				TEST_HOST = "$(BUILT_PRODUCTS_DIR)/blt.app/blt";
			};
			name = Release;
		};
		04374A571D8D55A4009C44C0 /* Debug */ = {
			isa = XCBuildConfiguration;
			buildSettings = {
				ALWAYS_EMBED_SWIFT_STANDARD_LIBRARIES = YES;
				DEVELOPMENT_TEAM = 3T37H5E99A;
				INFOPLIST_FILE = bltUITests/Info.plist;
				LD_RUNPATH_SEARCH_PATHS = "$(inherited) @executable_path/Frameworks @loader_path/Frameworks";
				PRODUCT_BUNDLE_IDENTIFIER = Evan.bltUITests;
				PRODUCT_NAME = "$(TARGET_NAME)";
				SWIFT_VERSION = 3.0;
				TEST_TARGET_NAME = blt;
			};
			name = Debug;
		};
		04374A581D8D55A4009C44C0 /* Release */ = {
			isa = XCBuildConfiguration;
			buildSettings = {
				ALWAYS_EMBED_SWIFT_STANDARD_LIBRARIES = YES;
				DEVELOPMENT_TEAM = 3T37H5E99A;
				INFOPLIST_FILE = bltUITests/Info.plist;
				LD_RUNPATH_SEARCH_PATHS = "$(inherited) @executable_path/Frameworks @loader_path/Frameworks";
				PRODUCT_BUNDLE_IDENTIFIER = Evan.bltUITests;
				PRODUCT_NAME = "$(TARGET_NAME)";
				SWIFT_VERSION = 3.0;
				TEST_TARGET_NAME = blt;
			};
			name = Release;
		};
/* End XCBuildConfiguration section */

/* Begin XCConfigurationList section */
		04374A231D8D55A3009C44C0 /* Build configuration list for PBXProject "blt" */ = {
			isa = XCConfigurationList;
			buildConfigurations = (
				04374A4E1D8D55A4009C44C0 /* Debug */,
				04374A4F1D8D55A4009C44C0 /* Release */,
			);
			defaultConfigurationIsVisible = 0;
			defaultConfigurationName = Release;
		};
		04374A501D8D55A4009C44C0 /* Build configuration list for PBXNativeTarget "blt" */ = {
			isa = XCConfigurationList;
			buildConfigurations = (
				04374A511D8D55A4009C44C0 /* Debug */,
				04374A521D8D55A4009C44C0 /* Release */,
			);
			defaultConfigurationIsVisible = 0;
			defaultConfigurationName = Release;
		};
		04374A531D8D55A4009C44C0 /* Build configuration list for PBXNativeTarget "bltTests" */ = {
			isa = XCConfigurationList;
			buildConfigurations = (
				04374A541D8D55A4009C44C0 /* Debug */,
				04374A551D8D55A4009C44C0 /* Release */,
			);
			defaultConfigurationIsVisible = 0;
			defaultConfigurationName = Release;
		};
		04374A561D8D55A4009C44C0 /* Build configuration list for PBXNativeTarget "bltUITests" */ = {
			isa = XCConfigurationList;
			buildConfigurations = (
				04374A571D8D55A4009C44C0 /* Debug */,
				04374A581D8D55A4009C44C0 /* Release */,
			);
			defaultConfigurationIsVisible = 0;
			defaultConfigurationName = Release;
		};
/* End XCConfigurationList section */
	};
	rootObject = 04374A201D8D55A3009C44C0 /* Project object */;
}
